// !$*UTF8*$!
{
	archiveVersion = 1;
	classes = {
	};
	objectVersion = 56;
	objects = {

/* Begin PBXBuildFile section */
		D6039FD32A96117800ECD530 /* AquacareApp.swift in Sources */ = {isa = PBXBuildFile; fileRef = D6039FD22A96117800ECD530 /* AquacareApp.swift */; };
		D6039FD52A96117800ECD530 /* MainView.swift in Sources */ = {isa = PBXBuildFile; fileRef = D6039FD42A96117800ECD530 /* MainView.swift */; };
		D6039FD72A96117900ECD530 /* Assets.xcassets in Resources */ = {isa = PBXBuildFile; fileRef = D6039FD62A96117900ECD530 /* Assets.xcassets */; };
		D6039FDA2A96117900ECD530 /* Preview Assets.xcassets in Resources */ = {isa = PBXBuildFile; fileRef = D6039FD92A96117900ECD530 /* Preview Assets.xcassets */; };
		D6039FE42A96152B00ECD530 /* GoogleService-Info.plist in Resources */ = {isa = PBXBuildFile; fileRef = D6039FE32A96152B00ECD530 /* GoogleService-Info.plist */; };
		D6039FE72A96158E00ECD530 /* FirebaseAnalytics in Frameworks */ = {isa = PBXBuildFile; productRef = D6039FE62A96158E00ECD530 /* FirebaseAnalytics */; };
		D6039FE92A96158E00ECD530 /* FirebaseAnalyticsSwift in Frameworks */ = {isa = PBXBuildFile; productRef = D6039FE82A96158E00ECD530 /* FirebaseAnalyticsSwift */; };
		D6039FEB2A96158E00ECD530 /* FirebaseFirestore in Frameworks */ = {isa = PBXBuildFile; productRef = D6039FEA2A96158E00ECD530 /* FirebaseFirestore */; };
		D6039FF52A96177700ECD530 /* AquacareFirestore.swift in Sources */ = {isa = PBXBuildFile; fileRef = D6039FF42A96177700ECD530 /* AquacareFirestore.swift */; };
		D6039FF72A9617EA00ECD530 /* LampResponse.swift in Sources */ = {isa = PBXBuildFile; fileRef = D6039FF62A9617EA00ECD530 /* LampResponse.swift */; };
		D6039FFA2A961B2200ECD530 /* FirebaseFirestoreSwift in Frameworks */ = {isa = PBXBuildFile; productRef = D6039FF92A961B2200ECD530 /* FirebaseFirestoreSwift */; };
		D6039FFC2A961D9500ECD530 /* LampRepositoryProtocol.swift in Sources */ = {isa = PBXBuildFile; fileRef = D6039FFB2A961D9500ECD530 /* LampRepositoryProtocol.swift */; };
		D6039FFE2A961DD600ECD530 /* LampRepository.swift in Sources */ = {isa = PBXBuildFile; fileRef = D6039FFD2A961DD600ECD530 /* LampRepository.swift */; };
		D603A0002A961E3C00ECD530 /* GetLampUseCase.swift in Sources */ = {isa = PBXBuildFile; fileRef = D6039FFF2A961E3C00ECD530 /* GetLampUseCase.swift */; };
		D603A0022A961E5800ECD530 /* LampModel.swift in Sources */ = {isa = PBXBuildFile; fileRef = D603A0012A961E5800ECD530 /* LampModel.swift */; };
		D617C2D52A96EDF900756069 /* UpdateLampUseCase.swift in Sources */ = {isa = PBXBuildFile; fileRef = D617C2D42A96EDF900756069 /* UpdateLampUseCase.swift */; };
		D617C2D82A96EF6200756069 /* AquacareDatabase.xcdatamodeld in Sources */ = {isa = PBXBuildFile; fileRef = D617C2D62A96EF6200756069 /* AquacareDatabase.xcdatamodeld */; };
		D617C2DA2A96F37100756069 /* ProjectsRepositoryProtocol.swift in Sources */ = {isa = PBXBuildFile; fileRef = D617C2D92A96F37100756069 /* ProjectsRepositoryProtocol.swift */; };
		D617C2DC2A96F3B100756069 /* ProjectsRepository.swift in Sources */ = {isa = PBXBuildFile; fileRef = D617C2DB2A96F3B100756069 /* ProjectsRepository.swift */; };
		D617C2E02A96F8ED00756069 /* GetProjectsUseCase.swift in Sources */ = {isa = PBXBuildFile; fileRef = D617C2DF2A96F8ED00756069 /* GetProjectsUseCase.swift */; };
		D617C2E62A9738BD00756069 /* MyAquascapesView.swift in Sources */ = {isa = PBXBuildFile; fileRef = D617C2E52A9738BD00756069 /* MyAquascapesView.swift */; };
		D617C2E92A97397B00756069 /* Localizable.strings in Resources */ = {isa = PBXBuildFile; fileRef = D617C2EB2A97397B00756069 /* Localizable.strings */; };
		D617C2EF2A973A0000756069 /* LibraryView.swift in Sources */ = {isa = PBXBuildFile; fileRef = D617C2EE2A973A0000756069 /* LibraryView.swift */; };
		D617C2F12A973A0900756069 /* ProfileView.swift in Sources */ = {isa = PBXBuildFile; fileRef = D617C2F02A973A0900756069 /* ProfileView.swift */; };
/* End PBXBuildFile section */

/* Begin PBXFileReference section */
		D6039FCF2A96117800ECD530 /* Aquacare.app */ = {isa = PBXFileReference; explicitFileType = wrapper.application; includeInIndex = 0; path = Aquacare.app; sourceTree = BUILT_PRODUCTS_DIR; };
		D6039FD22A96117800ECD530 /* AquacareApp.swift */ = {isa = PBXFileReference; lastKnownFileType = sourcecode.swift; path = AquacareApp.swift; sourceTree = "<group>"; };
		D6039FD42A96117800ECD530 /* MainView.swift */ = {isa = PBXFileReference; lastKnownFileType = sourcecode.swift; path = MainView.swift; sourceTree = "<group>"; };
		D6039FD62A96117900ECD530 /* Assets.xcassets */ = {isa = PBXFileReference; lastKnownFileType = folder.assetcatalog; path = Assets.xcassets; sourceTree = "<group>"; };
		D6039FD92A96117900ECD530 /* Preview Assets.xcassets */ = {isa = PBXFileReference; lastKnownFileType = folder.assetcatalog; path = "Preview Assets.xcassets"; sourceTree = "<group>"; };
		D6039FE32A96152B00ECD530 /* GoogleService-Info.plist */ = {isa = PBXFileReference; fileEncoding = 4; lastKnownFileType = text.plist.xml; path = "GoogleService-Info.plist"; sourceTree = "<group>"; };
		D6039FF42A96177700ECD530 /* AquacareFirestore.swift */ = {isa = PBXFileReference; lastKnownFileType = sourcecode.swift; path = AquacareFirestore.swift; sourceTree = "<group>"; };
		D6039FF62A9617EA00ECD530 /* LampResponse.swift */ = {isa = PBXFileReference; lastKnownFileType = sourcecode.swift; path = LampResponse.swift; sourceTree = "<group>"; };
		D6039FFB2A961D9500ECD530 /* LampRepositoryProtocol.swift */ = {isa = PBXFileReference; lastKnownFileType = sourcecode.swift; path = LampRepositoryProtocol.swift; sourceTree = "<group>"; };
		D6039FFD2A961DD600ECD530 /* LampRepository.swift */ = {isa = PBXFileReference; lastKnownFileType = sourcecode.swift; path = LampRepository.swift; sourceTree = "<group>"; };
		D6039FFF2A961E3C00ECD530 /* GetLampUseCase.swift */ = {isa = PBXFileReference; lastKnownFileType = sourcecode.swift; path = GetLampUseCase.swift; sourceTree = "<group>"; };
		D603A0012A961E5800ECD530 /* LampModel.swift */ = {isa = PBXFileReference; lastKnownFileType = sourcecode.swift; path = LampModel.swift; sourceTree = "<group>"; };
		D617C2D42A96EDF900756069 /* UpdateLampUseCase.swift */ = {isa = PBXFileReference; lastKnownFileType = sourcecode.swift; path = UpdateLampUseCase.swift; sourceTree = "<group>"; };
		D617C2D72A96EF6200756069 /* Projects.xcdatamodel */ = {isa = PBXFileReference; lastKnownFileType = wrapper.xcdatamodel; path = Projects.xcdatamodel; sourceTree = "<group>"; };
		D617C2D92A96F37100756069 /* ProjectsRepositoryProtocol.swift */ = {isa = PBXFileReference; lastKnownFileType = sourcecode.swift; path = ProjectsRepositoryProtocol.swift; sourceTree = "<group>"; };
		D617C2DB2A96F3B100756069 /* ProjectsRepository.swift */ = {isa = PBXFileReference; lastKnownFileType = sourcecode.swift; path = ProjectsRepository.swift; sourceTree = "<group>"; };
		D617C2DF2A96F8ED00756069 /* GetProjectsUseCase.swift */ = {isa = PBXFileReference; lastKnownFileType = sourcecode.swift; path = GetProjectsUseCase.swift; sourceTree = "<group>"; };
		D617C2E52A9738BD00756069 /* MyAquascapesView.swift */ = {isa = PBXFileReference; lastKnownFileType = sourcecode.swift; path = MyAquascapesView.swift; sourceTree = "<group>"; };
		D617C2EA2A97397B00756069 /* en */ = {isa = PBXFileReference; lastKnownFileType = text.plist.strings; name = en; path = en.lproj/Localizable.strings; sourceTree = "<group>"; };
		D617C2ED2A97398C00756069 /* id */ = {isa = PBXFileReference; lastKnownFileType = text.plist.strings; name = id; path = id.lproj/Localizable.strings; sourceTree = "<group>"; };
		D617C2EE2A973A0000756069 /* LibraryView.swift */ = {isa = PBXFileReference; lastKnownFileType = sourcecode.swift; path = LibraryView.swift; sourceTree = "<group>"; };
		D617C2F02A973A0900756069 /* ProfileView.swift */ = {isa = PBXFileReference; lastKnownFileType = sourcecode.swift; path = ProfileView.swift; sourceTree = "<group>"; };
/* End PBXFileReference section */

/* Begin PBXFrameworksBuildPhase section */
		D6039FCC2A96117800ECD530 /* Frameworks */ = {
			isa = PBXFrameworksBuildPhase;
			buildActionMask = 2147483647;
			files = (
				D6039FE92A96158E00ECD530 /* FirebaseAnalyticsSwift in Frameworks */,
				D6039FE72A96158E00ECD530 /* FirebaseAnalytics in Frameworks */,
				D6039FEB2A96158E00ECD530 /* FirebaseFirestore in Frameworks */,
				D6039FFA2A961B2200ECD530 /* FirebaseFirestoreSwift in Frameworks */,
			);
			runOnlyForDeploymentPostprocessing = 0;
		};
/* End PBXFrameworksBuildPhase section */

/* Begin PBXGroup section */
		D6039FC62A96117800ECD530 = {
			isa = PBXGroup;
			children = (
				D617C2EB2A97397B00756069 /* Localizable.strings */,
				D6039FD12A96117800ECD530 /* Aquacare */,
				D6039FD02A96117800ECD530 /* Products */,
				D6039FF82A961B2200ECD530 /* Frameworks */,
			);
			sourceTree = "<group>";
		};
		D6039FD02A96117800ECD530 /* Products */ = {
			isa = PBXGroup;
			children = (
				D6039FCF2A96117800ECD530 /* Aquacare.app */,
			);
			name = Products;
			sourceTree = "<group>";
		};
		D6039FD12A96117800ECD530 /* Aquacare */ = {
			isa = PBXGroup;
			children = (
				D6039FE02A9613CC00ECD530 /* Data */,
				D6039FE12A9613D100ECD530 /* Domain */,
				D6039FE22A9613D500ECD530 /* Presenters */,
				D6039FD22A96117800ECD530 /* AquacareApp.swift */,
				D6039FE32A96152B00ECD530 /* GoogleService-Info.plist */,
				D6039FEC2A9615A600ECD530 /* Resources */,
				D6039FD82A96117900ECD530 /* Preview Content */,
			);
			path = Aquacare;
			sourceTree = "<group>";
		};
		D6039FD82A96117900ECD530 /* Preview Content */ = {
			isa = PBXGroup;
			children = (
				D6039FD92A96117900ECD530 /* Preview Assets.xcassets */,
			);
			path = "Preview Content";
			sourceTree = "<group>";
		};
		D6039FE02A9613CC00ECD530 /* Data */ = {
			isa = PBXGroup;
			children = (
				D6039FEF2A96173B00ECD530 /* Local */,
				D6039FEE2A96173000ECD530 /* Network */,
				D6039FED2A96172C00ECD530 /* Model */,
				D6039FF22A96175200ECD530 /* Repository */,
			);
			path = Data;
			sourceTree = "<group>";
		};
		D6039FE12A9613D100ECD530 /* Domain */ = {
			isa = PBXGroup;
			children = (
				D6039FF32A96175B00ECD530 /* Repository */,
				D6039FF12A96174900ECD530 /* UseCase */,
				D6039FF02A96174500ECD530 /* Model */,
			);
			path = Domain;
			sourceTree = "<group>";
		};
		D6039FE22A9613D500ECD530 /* Presenters */ = {
			isa = PBXGroup;
			children = (
				D617C2E42A9738B200756069 /* Profile */,
				D617C2E32A9738AD00756069 /* Library */,
				D617C2E22A97389F00756069 /* MyAquascapes */,
				D6039FD42A96117800ECD530 /* MainView.swift */,
			);
			path = Presenters;
			sourceTree = "<group>";
		};
		D6039FEC2A9615A600ECD530 /* Resources */ = {
			isa = PBXGroup;
			children = (
				D6039FD62A96117900ECD530 /* Assets.xcassets */,
			);
			path = Resources;
			sourceTree = "<group>";
		};
		D6039FED2A96172C00ECD530 /* Model */ = {
			isa = PBXGroup;
			children = (
				D6039FF62A9617EA00ECD530 /* LampResponse.swift */,
			);
			path = Model;
			sourceTree = "<group>";
		};
		D6039FEE2A96173000ECD530 /* Network */ = {
			isa = PBXGroup;
			children = (
				D6039FF42A96177700ECD530 /* AquacareFirestore.swift */,
			);
			path = Network;
			sourceTree = "<group>";
		};
		D6039FEF2A96173B00ECD530 /* Local */ = {
			isa = PBXGroup;
			children = (
				D617C2D62A96EF6200756069 /* AquacareDatabase.xcdatamodeld */,
			);
			path = Local;
			sourceTree = "<group>";
		};
		D6039FF02A96174500ECD530 /* Model */ = {
			isa = PBXGroup;
			children = (
				D603A0012A961E5800ECD530 /* LampModel.swift */,
			);
			path = Model;
			sourceTree = "<group>";
		};
		D6039FF12A96174900ECD530 /* UseCase */ = {
			isa = PBXGroup;
			children = (
				D617C2DE2A96F8E100756069 /* Lamps */,
				D617C2DD2A96F8DC00756069 /* Projects */,
			);
			path = UseCase;
			sourceTree = "<group>";
		};
		D6039FF22A96175200ECD530 /* Repository */ = {
			isa = PBXGroup;
			children = (
				D6039FFD2A961DD600ECD530 /* LampRepository.swift */,
				D617C2DB2A96F3B100756069 /* ProjectsRepository.swift */,
			);
			path = Repository;
			sourceTree = "<group>";
		};
		D6039FF32A96175B00ECD530 /* Repository */ = {
			isa = PBXGroup;
			children = (
				D6039FFB2A961D9500ECD530 /* LampRepositoryProtocol.swift */,
				D617C2D92A96F37100756069 /* ProjectsRepositoryProtocol.swift */,
			);
			path = Repository;
			sourceTree = "<group>";
		};
		D6039FF82A961B2200ECD530 /* Frameworks */ = {
			isa = PBXGroup;
			children = (
			);
			name = Frameworks;
			sourceTree = "<group>";
		};
		D617C2DD2A96F8DC00756069 /* Projects */ = {
			isa = PBXGroup;
			children = (
				D617C2DF2A96F8ED00756069 /* GetProjectsUseCase.swift */,
			);
			path = Projects;
			sourceTree = "<group>";
		};
		D617C2DE2A96F8E100756069 /* Lamps */ = {
			isa = PBXGroup;
			children = (
				D6039FFF2A961E3C00ECD530 /* GetLampUseCase.swift */,
				D617C2D42A96EDF900756069 /* UpdateLampUseCase.swift */,
			);
			path = Lamps;
			sourceTree = "<group>";
		};
		D617C2E22A97389F00756069 /* MyAquascapes */ = {
			isa = PBXGroup;
			children = (
				D617C2E52A9738BD00756069 /* MyAquascapesView.swift */,
			);
			path = MyAquascapes;
			sourceTree = "<group>";
		};
		D617C2E32A9738AD00756069 /* Library */ = {
			isa = PBXGroup;
			children = (
				D617C2EE2A973A0000756069 /* LibraryView.swift */,
			);
			path = Library;
			sourceTree = "<group>";
		};
		D617C2E42A9738B200756069 /* Profile */ = {
			isa = PBXGroup;
			children = (
				D617C2F02A973A0900756069 /* ProfileView.swift */,
			);
			path = Profile;
			sourceTree = "<group>";
		};
/* End PBXGroup section */

/* Begin PBXNativeTarget section */
		D6039FCE2A96117800ECD530 /* Aquacare */ = {
			isa = PBXNativeTarget;
			buildConfigurationList = D6039FDD2A96117900ECD530 /* Build configuration list for PBXNativeTarget "Aquacare" */;
			buildPhases = (
				D6039FCB2A96117800ECD530 /* Sources */,
				D6039FCC2A96117800ECD530 /* Frameworks */,
				D6039FCD2A96117800ECD530 /* Resources */,
			);
			buildRules = (
			);
			dependencies = (
			);
			name = Aquacare;
			packageProductDependencies = (
				D6039FE62A96158E00ECD530 /* FirebaseAnalytics */,
				D6039FE82A96158E00ECD530 /* FirebaseAnalyticsSwift */,
				D6039FEA2A96158E00ECD530 /* FirebaseFirestore */,
				D6039FF92A961B2200ECD530 /* FirebaseFirestoreSwift */,
			);
			productName = Aquacare;
			productReference = D6039FCF2A96117800ECD530 /* Aquacare.app */;
			productType = "com.apple.product-type.application";
		};
/* End PBXNativeTarget section */

/* Begin PBXProject section */
		D6039FC72A96117800ECD530 /* Project object */ = {
			isa = PBXProject;
			attributes = {
				BuildIndependentTargetsInParallel = 1;
				LastSwiftUpdateCheck = 1430;
				LastUpgradeCheck = 1430;
				TargetAttributes = {
					D6039FCE2A96117800ECD530 = {
						CreatedOnToolsVersion = 14.3.1;
					};
				};
			};
			buildConfigurationList = D6039FCA2A96117800ECD530 /* Build configuration list for PBXProject "Aquacare" */;
			compatibilityVersion = "Xcode 14.0";
			developmentRegion = en;
			hasScannedForEncodings = 0;
			knownRegions = (
				en,
				Base,
				id,
			);
			mainGroup = D6039FC62A96117800ECD530;
			packageReferences = (
				D6039FE52A96158E00ECD530 /* XCRemoteSwiftPackageReference "firebase-ios-sdk" */,
			);
			productRefGroup = D6039FD02A96117800ECD530 /* Products */;
			projectDirPath = "";
			projectRoot = "";
			targets = (
				D6039FCE2A96117800ECD530 /* Aquacare */,
			);
		};
/* End PBXProject section */

/* Begin PBXResourcesBuildPhase section */
		D6039FCD2A96117800ECD530 /* Resources */ = {
			isa = PBXResourcesBuildPhase;
			buildActionMask = 2147483647;
			files = (
				D6039FDA2A96117900ECD530 /* Preview Assets.xcassets in Resources */,
				D617C2E92A97397B00756069 /* Localizable.strings in Resources */,
				D6039FD72A96117900ECD530 /* Assets.xcassets in Resources */,
				D6039FE42A96152B00ECD530 /* GoogleService-Info.plist in Resources */,
			);
			runOnlyForDeploymentPostprocessing = 0;
		};
/* End PBXResourcesBuildPhase section */

/* Begin PBXSourcesBuildPhase section */
		D6039FCB2A96117800ECD530 /* Sources */ = {
			isa = PBXSourcesBuildPhase;
			buildActionMask = 2147483647;
			files = (
				D603A0002A961E3C00ECD530 /* GetLampUseCase.swift in Sources */,
				D617C2DC2A96F3B100756069 /* ProjectsRepository.swift in Sources */,
				D617C2E02A96F8ED00756069 /* GetProjectsUseCase.swift in Sources */,
				D617C2E62A9738BD00756069 /* MyAquascapesView.swift in Sources */,
				D6039FF52A96177700ECD530 /* AquacareFirestore.swift in Sources */,
				D6039FFE2A961DD600ECD530 /* LampRepository.swift in Sources */,
				D6039FD52A96117800ECD530 /* MainView.swift in Sources */,
				D6039FFC2A961D9500ECD530 /* LampRepositoryProtocol.swift in Sources */,
				D617C2F12A973A0900756069 /* ProfileView.swift in Sources */,
				D603A0022A961E5800ECD530 /* LampModel.swift in Sources */,
				D6039FF72A9617EA00ECD530 /* LampResponse.swift in Sources */,
				D617C2D52A96EDF900756069 /* UpdateLampUseCase.swift in Sources */,
				D617C2DA2A96F37100756069 /* ProjectsRepositoryProtocol.swift in Sources */,
				D6039FD32A96117800ECD530 /* AquacareApp.swift in Sources */,
				D617C2EF2A973A0000756069 /* LibraryView.swift in Sources */,
				D617C2D82A96EF6200756069 /* AquacareDatabase.xcdatamodeld in Sources */,
			);
			runOnlyForDeploymentPostprocessing = 0;
		};
/* End PBXSourcesBuildPhase section */

/* Begin PBXVariantGroup section */
		D617C2EB2A97397B00756069 /* Localizable.strings */ = {
			isa = PBXVariantGroup;
			children = (
				D617C2EA2A97397B00756069 /* en */,
				D617C2ED2A97398C00756069 /* id */,
			);
			name = Localizable.strings;
			sourceTree = "<group>";
		};
/* End PBXVariantGroup section */

/* Begin XCBuildConfiguration section */
		D6039FDB2A96117900ECD530 /* Debug */ = {
			isa = XCBuildConfiguration;
			buildSettings = {
				ALWAYS_SEARCH_USER_PATHS = NO;
				CLANG_ANALYZER_NONNULL = YES;
				CLANG_ANALYZER_NUMBER_OBJECT_CONVERSION = YES_AGGRESSIVE;
				CLANG_CXX_LANGUAGE_STANDARD = "gnu++20";
				CLANG_ENABLE_MODULES = YES;
				CLANG_ENABLE_OBJC_ARC = YES;
				CLANG_ENABLE_OBJC_WEAK = YES;
				CLANG_WARN_BLOCK_CAPTURE_AUTORELEASING = YES;
				CLANG_WARN_BOOL_CONVERSION = YES;
				CLANG_WARN_COMMA = YES;
				CLANG_WARN_CONSTANT_CONVERSION = YES;
				CLANG_WARN_DEPRECATED_OBJC_IMPLEMENTATIONS = YES;
				CLANG_WARN_DIRECT_OBJC_ISA_USAGE = YES_ERROR;
				CLANG_WARN_DOCUMENTATION_COMMENTS = YES;
				CLANG_WARN_EMPTY_BODY = YES;
				CLANG_WARN_ENUM_CONVERSION = YES;
				CLANG_WARN_INFINITE_RECURSION = YES;
				CLANG_WARN_INT_CONVERSION = YES;
				CLANG_WARN_NON_LITERAL_NULL_CONVERSION = YES;
				CLANG_WARN_OBJC_IMPLICIT_RETAIN_SELF = YES;
				CLANG_WARN_OBJC_LITERAL_CONVERSION = YES;
				CLANG_WARN_OBJC_ROOT_CLASS = YES_ERROR;
				CLANG_WARN_QUOTED_INCLUDE_IN_FRAMEWORK_HEADER = YES;
				CLANG_WARN_RANGE_LOOP_ANALYSIS = YES;
				CLANG_WARN_STRICT_PROTOTYPES = YES;
				CLANG_WARN_SUSPICIOUS_MOVE = YES;
				CLANG_WARN_UNGUARDED_AVAILABILITY = YES_AGGRESSIVE;
				CLANG_WARN_UNREACHABLE_CODE = YES;
				CLANG_WARN__DUPLICATE_METHOD_MATCH = YES;
				COPY_PHASE_STRIP = NO;
				DEBUG_INFORMATION_FORMAT = dwarf;
				ENABLE_STRICT_OBJC_MSGSEND = YES;
				ENABLE_TESTABILITY = YES;
				GCC_C_LANGUAGE_STANDARD = gnu11;
				GCC_DYNAMIC_NO_PIC = NO;
				GCC_NO_COMMON_BLOCKS = YES;
				GCC_OPTIMIZATION_LEVEL = 0;
				GCC_PREPROCESSOR_DEFINITIONS = (
					"DEBUG=1",
					"$(inherited)",
				);
				GCC_WARN_64_TO_32_BIT_CONVERSION = YES;
				GCC_WARN_ABOUT_RETURN_TYPE = YES_ERROR;
				GCC_WARN_UNDECLARED_SELECTOR = YES;
				GCC_WARN_UNINITIALIZED_AUTOS = YES_AGGRESSIVE;
				GCC_WARN_UNUSED_FUNCTION = YES;
				GCC_WARN_UNUSED_VARIABLE = YES;
				IPHONEOS_DEPLOYMENT_TARGET = 16.4;
				MTL_ENABLE_DEBUG_INFO = INCLUDE_SOURCE;
				MTL_FAST_MATH = YES;
				ONLY_ACTIVE_ARCH = YES;
				SDKROOT = iphoneos;
				SWIFT_ACTIVE_COMPILATION_CONDITIONS = DEBUG;
				SWIFT_OPTIMIZATION_LEVEL = "-Onone";
			};
			name = Debug;
		};
		D6039FDC2A96117900ECD530 /* Release */ = {
			isa = XCBuildConfiguration;
			buildSettings = {
				ALWAYS_SEARCH_USER_PATHS = NO;
				CLANG_ANALYZER_NONNULL = YES;
				CLANG_ANALYZER_NUMBER_OBJECT_CONVERSION = YES_AGGRESSIVE;
				CLANG_CXX_LANGUAGE_STANDARD = "gnu++20";
				CLANG_ENABLE_MODULES = YES;
				CLANG_ENABLE_OBJC_ARC = YES;
				CLANG_ENABLE_OBJC_WEAK = YES;
				CLANG_WARN_BLOCK_CAPTURE_AUTORELEASING = YES;
				CLANG_WARN_BOOL_CONVERSION = YES;
				CLANG_WARN_COMMA = YES;
				CLANG_WARN_CONSTANT_CONVERSION = YES;
				CLANG_WARN_DEPRECATED_OBJC_IMPLEMENTATIONS = YES;
				CLANG_WARN_DIRECT_OBJC_ISA_USAGE = YES_ERROR;
				CLANG_WARN_DOCUMENTATION_COMMENTS = YES;
				CLANG_WARN_EMPTY_BODY = YES;
				CLANG_WARN_ENUM_CONVERSION = YES;
				CLANG_WARN_INFINITE_RECURSION = YES;
				CLANG_WARN_INT_CONVERSION = YES;
				CLANG_WARN_NON_LITERAL_NULL_CONVERSION = YES;
				CLANG_WARN_OBJC_IMPLICIT_RETAIN_SELF = YES;
				CLANG_WARN_OBJC_LITERAL_CONVERSION = YES;
				CLANG_WARN_OBJC_ROOT_CLASS = YES_ERROR;
				CLANG_WARN_QUOTED_INCLUDE_IN_FRAMEWORK_HEADER = YES;
				CLANG_WARN_RANGE_LOOP_ANALYSIS = YES;
				CLANG_WARN_STRICT_PROTOTYPES = YES;
				CLANG_WARN_SUSPICIOUS_MOVE = YES;
				CLANG_WARN_UNGUARDED_AVAILABILITY = YES_AGGRESSIVE;
				CLANG_WARN_UNREACHABLE_CODE = YES;
				CLANG_WARN__DUPLICATE_METHOD_MATCH = YES;
				COPY_PHASE_STRIP = NO;
				DEBUG_INFORMATION_FORMAT = "dwarf-with-dsym";
				ENABLE_NS_ASSERTIONS = NO;
				ENABLE_STRICT_OBJC_MSGSEND = YES;
				GCC_C_LANGUAGE_STANDARD = gnu11;
				GCC_NO_COMMON_BLOCKS = YES;
				GCC_WARN_64_TO_32_BIT_CONVERSION = YES;
				GCC_WARN_ABOUT_RETURN_TYPE = YES_ERROR;
				GCC_WARN_UNDECLARED_SELECTOR = YES;
				GCC_WARN_UNINITIALIZED_AUTOS = YES_AGGRESSIVE;
				GCC_WARN_UNUSED_FUNCTION = YES;
				GCC_WARN_UNUSED_VARIABLE = YES;
				IPHONEOS_DEPLOYMENT_TARGET = 16.4;
				MTL_ENABLE_DEBUG_INFO = NO;
				MTL_FAST_MATH = YES;
				SDKROOT = iphoneos;
				SWIFT_COMPILATION_MODE = wholemodule;
				SWIFT_OPTIMIZATION_LEVEL = "-O";
				VALIDATE_PRODUCT = YES;
			};
			name = Release;
		};
		D6039FDE2A96117900ECD530 /* Debug */ = {
			isa = XCBuildConfiguration;
			buildSettings = {
				ASSETCATALOG_COMPILER_APPICON_NAME = AppIcon;
				ASSETCATALOG_COMPILER_GLOBAL_ACCENT_COLOR_NAME = AccentColor;
				CODE_SIGN_STYLE = Automatic;
				CURRENT_PROJECT_VERSION = 1;
				DEVELOPMENT_ASSET_PATHS = "\"Aquacare/Preview Content\"";
				DEVELOPMENT_TEAM = 47BZXPDJKC;
				ENABLE_PREVIEWS = YES;
				GENERATE_INFOPLIST_FILE = YES;
				INFOPLIST_KEY_UIApplicationSceneManifest_Generation = YES;
				INFOPLIST_KEY_UIApplicationSupportsIndirectInputEvents = YES;
				INFOPLIST_KEY_UILaunchScreen_Generation = YES;
				INFOPLIST_KEY_UISupportedInterfaceOrientations_iPad = "UIInterfaceOrientationPortrait UIInterfaceOrientationPortraitUpsideDown UIInterfaceOrientationLandscapeLeft UIInterfaceOrientationLandscapeRight";
				INFOPLIST_KEY_UISupportedInterfaceOrientations_iPhone = "UIInterfaceOrientationPortrait UIInterfaceOrientationLandscapeLeft UIInterfaceOrientationLandscapeRight";
				LD_RUNPATH_SEARCH_PATHS = (
					"$(inherited)",
					"@executable_path/Frameworks",
				);
				MARKETING_VERSION = 1.0;
				PRODUCT_BUNDLE_IDENTIFIER = "id.aquascape-academy-bsd.Aquacare";
				PRODUCT_NAME = "$(TARGET_NAME)";
				SWIFT_EMIT_LOC_STRINGS = YES;
				SWIFT_VERSION = 5.0;
				TARGETED_DEVICE_FAMILY = "1,2";
			};
			name = Debug;
		};
		D6039FDF2A96117900ECD530 /* Release */ = {
			isa = XCBuildConfiguration;
			buildSettings = {
				ASSETCATALOG_COMPILER_APPICON_NAME = AppIcon;
				ASSETCATALOG_COMPILER_GLOBAL_ACCENT_COLOR_NAME = AccentColor;
				CODE_SIGN_STYLE = Automatic;
				CURRENT_PROJECT_VERSION = 1;
				DEVELOPMENT_ASSET_PATHS = "\"Aquacare/Preview Content\"";
				DEVELOPMENT_TEAM = 47BZXPDJKC;
				ENABLE_PREVIEWS = YES;
				GENERATE_INFOPLIST_FILE = YES;
				INFOPLIST_KEY_UIApplicationSceneManifest_Generation = YES;
				INFOPLIST_KEY_UIApplicationSupportsIndirectInputEvents = YES;
				INFOPLIST_KEY_UILaunchScreen_Generation = YES;
				INFOPLIST_KEY_UISupportedInterfaceOrientations_iPad = "UIInterfaceOrientationPortrait UIInterfaceOrientationPortraitUpsideDown UIInterfaceOrientationLandscapeLeft UIInterfaceOrientationLandscapeRight";
				INFOPLIST_KEY_UISupportedInterfaceOrientations_iPhone = "UIInterfaceOrientationPortrait UIInterfaceOrientationLandscapeLeft UIInterfaceOrientationLandscapeRight";
				LD_RUNPATH_SEARCH_PATHS = (
					"$(inherited)",
					"@executable_path/Frameworks",
				);
				MARKETING_VERSION = 1.0;
				PRODUCT_BUNDLE_IDENTIFIER = "id.aquascape-academy-bsd.Aquacare";
				PRODUCT_NAME = "$(TARGET_NAME)";
				SWIFT_EMIT_LOC_STRINGS = YES;
				SWIFT_VERSION = 5.0;
				TARGETED_DEVICE_FAMILY = "1,2";
			};
			name = Release;
		};
/* End XCBuildConfiguration section */

/* Begin XCConfigurationList section */
		D6039FCA2A96117800ECD530 /* Build configuration list for PBXProject "Aquacare" */ = {
			isa = XCConfigurationList;
			buildConfigurations = (
				D6039FDB2A96117900ECD530 /* Debug */,
				D6039FDC2A96117900ECD530 /* Release */,
			);
			defaultConfigurationIsVisible = 0;
			defaultConfigurationName = Release;
		};
		D6039FDD2A96117900ECD530 /* Build configuration list for PBXNativeTarget "Aquacare" */ = {
			isa = XCConfigurationList;
			buildConfigurations = (
				D6039FDE2A96117900ECD530 /* Debug */,
				D6039FDF2A96117900ECD530 /* Release */,
			);
			defaultConfigurationIsVisible = 0;
			defaultConfigurationName = Release;
		};
/* End XCConfigurationList section */

/* Begin XCRemoteSwiftPackageReference section */
		D6039FE52A96158E00ECD530 /* XCRemoteSwiftPackageReference "firebase-ios-sdk" */ = {
			isa = XCRemoteSwiftPackageReference;
			repositoryURL = "https://github.com/firebase/firebase-ios-sdk.git";
			requirement = {
				kind = upToNextMajorVersion;
				minimumVersion = 10.0.0;
			};
		};
/* End XCRemoteSwiftPackageReference section */

/* Begin XCSwiftPackageProductDependency section */
		D6039FE62A96158E00ECD530 /* FirebaseAnalytics */ = {
			isa = XCSwiftPackageProductDependency;
			package = D6039FE52A96158E00ECD530 /* XCRemoteSwiftPackageReference "firebase-ios-sdk" */;
			productName = FirebaseAnalytics;
		};
		D6039FE82A96158E00ECD530 /* FirebaseAnalyticsSwift */ = {
			isa = XCSwiftPackageProductDependency;
			package = D6039FE52A96158E00ECD530 /* XCRemoteSwiftPackageReference "firebase-ios-sdk" */;
			productName = FirebaseAnalyticsSwift;
		};
		D6039FEA2A96158E00ECD530 /* FirebaseFirestore */ = {
			isa = XCSwiftPackageProductDependency;
			package = D6039FE52A96158E00ECD530 /* XCRemoteSwiftPackageReference "firebase-ios-sdk" */;
			productName = FirebaseFirestore;
		};
		D6039FF92A961B2200ECD530 /* FirebaseFirestoreSwift */ = {
			isa = XCSwiftPackageProductDependency;
			package = D6039FE52A96158E00ECD530 /* XCRemoteSwiftPackageReference "firebase-ios-sdk" */;
			productName = FirebaseFirestoreSwift;
		};
/* End XCSwiftPackageProductDependency section */

/* Begin XCVersionGroup section */
		D617C2D62A96EF6200756069 /* AquacareDatabase.xcdatamodeld */ = {
			isa = XCVersionGroup;
			children = (
				D617C2D72A96EF6200756069 /* Projects.xcdatamodel */,
			);
			currentVersion = D617C2D72A96EF6200756069 /* Projects.xcdatamodel */;
			path = AquacareDatabase.xcdatamodeld;
			sourceTree = "<group>";
			versionGroupType = wrapper.xcdatamodel;
		};
/* End XCVersionGroup section */
	};
	rootObject = D6039FC72A96117800ECD530 /* Project object */;
}
